// !$*UTF8*$!
{
	archiveVersion = 1;
	classes = {
	};
	objectVersion = 46;
	objects = {

/* Begin PBXBuildFile section */
		0330277B1EC24FCC006A2BC9 /* AppDelegate.swift in Sources */ = {isa = PBXBuildFile; fileRef = 0330277A1EC24FCC006A2BC9 /* AppDelegate.swift */; };
		0330277D1EC24FCC006A2BC9 /* ViewController.swift in Sources */ = {isa = PBXBuildFile; fileRef = 0330277C1EC24FCC006A2BC9 /* ViewController.swift */; };
		033027821EC24FCC006A2BC9 /* Assets.xcassets in Resources */ = {isa = PBXBuildFile; fileRef = 033027811EC24FCC006A2BC9 /* Assets.xcassets */; };
		033027851EC24FCC006A2BC9 /* LaunchScreen.storyboard in Resources */ = {isa = PBXBuildFile; fileRef = 033027831EC24FCC006A2BC9 /* LaunchScreen.storyboard */; };
		033027901EC24FCC006A2BC9 /* Vortex_SpaTests.swift in Sources */ = {isa = PBXBuildFile; fileRef = 0330278F1EC24FCC006A2BC9 /* Vortex_SpaTests.swift */; };
		0330279B1EC24FCC006A2BC9 /* Vortex_SpaUITests.swift in Sources */ = {isa = PBXBuildFile; fileRef = 0330279A1EC24FCC006A2BC9 /* Vortex_SpaUITests.swift */; };
		033027A81EC257F2006A2BC9 /* Main.storyboard in Resources */ = {isa = PBXBuildFile; fileRef = 0330277E1EC24FCC006A2BC9 /* Main.storyboard */; };
		033027B61EC28630006A2BC9 /* Podfile in Resources */ = {isa = PBXBuildFile; fileRef = 033027B51EC28630006A2BC9 /* Podfile */; };
		0394C1ED1EC2884000F2DBCD /* product_mink-eyelashes-drama-queen.jpg in Resources */ = {isa = PBXBuildFile; fileRef = 0394C1EC1EC2884000F2DBCD /* product_mink-eyelashes-drama-queen.jpg */; };
		4032E7AEF992C7939B1EDE34 /* Pods_Vortex_Spa.framework in Frameworks */ = {isa = PBXBuildFile; fileRef = 81A7A8B414EC414F389749D3 /* Pods_Vortex_Spa.framework */; };
/* End PBXBuildFile section */

/* Begin PBXContainerItemProxy section */
		0330278C1EC24FCC006A2BC9 /* PBXContainerItemProxy */ = {
			isa = PBXContainerItemProxy;
			containerPortal = 0330276F1EC24FCB006A2BC9 /* Project object */;
			proxyType = 1;
			remoteGlobalIDString = 033027761EC24FCC006A2BC9;
			remoteInfo = "Vortex Spa";
		};
		033027971EC24FCC006A2BC9 /* PBXContainerItemProxy */ = {
			isa = PBXContainerItemProxy;
			containerPortal = 0330276F1EC24FCB006A2BC9 /* Project object */;
			proxyType = 1;
			remoteGlobalIDString = 033027761EC24FCC006A2BC9;
			remoteInfo = "Vortex Spa";
		};
/* End PBXContainerItemProxy section */

/* Begin PBXFileReference section */
		033027771EC24FCC006A2BC9 /* Vortex Spa.app */ = {isa = PBXFileReference; explicitFileType = wrapper.application; includeInIndex = 0; path = "Vortex Spa.app"; sourceTree = BUILT_PRODUCTS_DIR; };
		0330277A1EC24FCC006A2BC9 /* AppDelegate.swift */ = {isa = PBXFileReference; lastKnownFileType = sourcecode.swift; path = AppDelegate.swift; sourceTree = "<group>"; };
		0330277C1EC24FCC006A2BC9 /* ViewController.swift */ = {isa = PBXFileReference; lastKnownFileType = sourcecode.swift; path = ViewController.swift; sourceTree = "<group>"; };
		0330277F1EC24FCC006A2BC9 /* Base */ = {isa = PBXFileReference; lastKnownFileType = file.storyboard; name = Base; path = Base.lproj/Main.storyboard; sourceTree = "<group>"; };
		033027811EC24FCC006A2BC9 /* Assets.xcassets */ = {isa = PBXFileReference; lastKnownFileType = folder.assetcatalog; path = Assets.xcassets; sourceTree = "<group>"; };
		033027841EC24FCC006A2BC9 /* Base */ = {isa = PBXFileReference; lastKnownFileType = file.storyboard; name = Base; path = Base.lproj/LaunchScreen.storyboard; sourceTree = "<group>"; };
		033027861EC24FCC006A2BC9 /* Info.plist */ = {isa = PBXFileReference; lastKnownFileType = text.plist.xml; path = Info.plist; sourceTree = "<group>"; };
		0330278B1EC24FCC006A2BC9 /* Vortex SpaTests.xctest */ = {isa = PBXFileReference; explicitFileType = wrapper.cfbundle; includeInIndex = 0; path = "Vortex SpaTests.xctest"; sourceTree = BUILT_PRODUCTS_DIR; };
		0330278F1EC24FCC006A2BC9 /* Vortex_SpaTests.swift */ = {isa = PBXFileReference; lastKnownFileType = sourcecode.swift; path = Vortex_SpaTests.swift; sourceTree = "<group>"; };
		033027911EC24FCC006A2BC9 /* Info.plist */ = {isa = PBXFileReference; lastKnownFileType = text.plist.xml; path = Info.plist; sourceTree = "<group>"; };
		033027961EC24FCC006A2BC9 /* Vortex SpaUITests.xctest */ = {isa = PBXFileReference; explicitFileType = wrapper.cfbundle; includeInIndex = 0; path = "Vortex SpaUITests.xctest"; sourceTree = BUILT_PRODUCTS_DIR; };
		0330279A1EC24FCC006A2BC9 /* Vortex_SpaUITests.swift */ = {isa = PBXFileReference; lastKnownFileType = sourcecode.swift; path = Vortex_SpaUITests.swift; sourceTree = "<group>"; };
		0330279C1EC24FCC006A2BC9 /* Info.plist */ = {isa = PBXFileReference; lastKnownFileType = text.plist.xml; path = Info.plist; sourceTree = "<group>"; };
		033027B01EC28331006A2BC9 /* Vortex Spa.entitlements */ = {isa = PBXFileReference; lastKnownFileType = text.plist.entitlements; path = "Vortex Spa.entitlements"; sourceTree = "<group>"; };
		033027B51EC28630006A2BC9 /* Podfile */ = {isa = PBXFileReference; fileEncoding = 4; lastKnownFileType = text; name = Podfile; path = ../Podfile; sourceTree = "<group>"; };
		0394C1EC1EC2884000F2DBCD /* product_mink-eyelashes-drama-queen.jpg */ = {isa = PBXFileReference; lastKnownFileType = image.jpeg; path = "product_mink-eyelashes-drama-queen.jpg"; sourceTree = SOURCE_ROOT; };
		81A7A8B414EC414F389749D3 /* Pods_Vortex_Spa.framework */ = {isa = PBXFileReference; explicitFileType = wrapper.framework; includeInIndex = 0; path = Pods_Vortex_Spa.framework; sourceTree = BUILT_PRODUCTS_DIR; };
		ACC7D98FC9837253774FDA23 /* Pods-Vortex Spa.release.xcconfig */ = {isa = PBXFileReference; includeInIndex = 1; lastKnownFileType = text.xcconfig; name = "Pods-Vortex Spa.release.xcconfig"; path = "Pods/Target Support Files/Pods-Vortex Spa/Pods-Vortex Spa.release.xcconfig"; sourceTree = "<group>"; };
		B4EDDDA2F9AEC48BC6414179 /* Pods-Vortex Spa.debug.xcconfig */ = {isa = PBXFileReference; includeInIndex = 1; lastKnownFileType = text.xcconfig; name = "Pods-Vortex Spa.debug.xcconfig"; path = "Pods/Target Support Files/Pods-Vortex Spa/Pods-Vortex Spa.debug.xcconfig"; sourceTree = "<group>"; };
/* End PBXFileReference section */

/* Begin PBXFrameworksBuildPhase section */
		033027741EC24FCC006A2BC9 /* Frameworks */ = {
			isa = PBXFrameworksBuildPhase;
			buildActionMask = 2147483647;
			files = (
				4032E7AEF992C7939B1EDE34 /* Pods_Vortex_Spa.framework in Frameworks */,
			);
			runOnlyForDeploymentPostprocessing = 0;
		};
		033027881EC24FCC006A2BC9 /* Frameworks */ = {
			isa = PBXFrameworksBuildPhase;
			buildActionMask = 2147483647;
			files = (
			);
			runOnlyForDeploymentPostprocessing = 0;
		};
		033027931EC24FCC006A2BC9 /* Frameworks */ = {
			isa = PBXFrameworksBuildPhase;
			buildActionMask = 2147483647;
			files = (
			);
			runOnlyForDeploymentPostprocessing = 0;
		};
/* End PBXFrameworksBuildPhase section */

/* Begin PBXGroup section */
		0330276E1EC24FCB006A2BC9 = {
			isa = PBXGroup;
			children = (
				033027791EC24FCC006A2BC9 /* Vortex Spa */,
				0330278E1EC24FCC006A2BC9 /* Vortex SpaTests */,
				033027991EC24FCC006A2BC9 /* Vortex SpaUITests */,
				033027781EC24FCC006A2BC9 /* Products */,
				033027AD1EC28328006A2BC9 /* Frameworks */,
				CFCF771A0F88C05E89CD0363 /* Pods */,
			);
			sourceTree = "<group>";
		};
		033027781EC24FCC006A2BC9 /* Products */ = {
			isa = PBXGroup;
			children = (
				033027771EC24FCC006A2BC9 /* Vortex Spa.app */,
				0330278B1EC24FCC006A2BC9 /* Vortex SpaTests.xctest */,
				033027961EC24FCC006A2BC9 /* Vortex SpaUITests.xctest */,
			);
			name = Products;
			sourceTree = "<group>";
		};
		033027791EC24FCC006A2BC9 /* Vortex Spa */ = {
			isa = PBXGroup;
			children = (
				033027B51EC28630006A2BC9 /* Podfile */,
				033027B01EC28331006A2BC9 /* Vortex Spa.entitlements */,
				0330277A1EC24FCC006A2BC9 /* AppDelegate.swift */,
				0330277C1EC24FCC006A2BC9 /* ViewController.swift */,
				0330277E1EC24FCC006A2BC9 /* Main.storyboard */,
				0394C1EC1EC2884000F2DBCD /* product_mink-eyelashes-drama-queen.jpg */,
				033027811EC24FCC006A2BC9 /* Assets.xcassets */,
				033027831EC24FCC006A2BC9 /* LaunchScreen.storyboard */,
				033027861EC24FCC006A2BC9 /* Info.plist */,
			);
			path = "Vortex Spa";
			sourceTree = "<group>";
		};
		0330278E1EC24FCC006A2BC9 /* Vortex SpaTests */ = {
			isa = PBXGroup;
			children = (
				0330278F1EC24FCC006A2BC9 /* Vortex_SpaTests.swift */,
				033027911EC24FCC006A2BC9 /* Info.plist */,
			);
			path = "Vortex SpaTests";
			sourceTree = "<group>";
		};
		033027991EC24FCC006A2BC9 /* Vortex SpaUITests */ = {
			isa = PBXGroup;
			children = (
				0330279A1EC24FCC006A2BC9 /* Vortex_SpaUITests.swift */,
				0330279C1EC24FCC006A2BC9 /* Info.plist */,
			);
			path = "Vortex SpaUITests";
			sourceTree = "<group>";
		};
		033027AD1EC28328006A2BC9 /* Frameworks */ = {
			isa = PBXGroup;
			children = (
				81A7A8B414EC414F389749D3 /* Pods_Vortex_Spa.framework */,
			);
			name = Frameworks;
			sourceTree = "<group>";
		};
		CFCF771A0F88C05E89CD0363 /* Pods */ = {
			isa = PBXGroup;
			children = (
				B4EDDDA2F9AEC48BC6414179 /* Pods-Vortex Spa.debug.xcconfig */,
				ACC7D98FC9837253774FDA23 /* Pods-Vortex Spa.release.xcconfig */,
			);
			name = Pods;
			sourceTree = "<group>";
		};
/* End PBXGroup section */

/* Begin PBXNativeTarget section */
		033027761EC24FCC006A2BC9 /* Vortex Spa */ = {
			isa = PBXNativeTarget;
			buildConfigurationList = 0330279F1EC24FCC006A2BC9 /* Build configuration list for PBXNativeTarget "Vortex Spa" */;
			buildPhases = (
				0F72EBDF5C236DD628E99D26 /* [CP] Check Pods Manifest.lock */,
				033027731EC24FCC006A2BC9 /* Sources */,
				033027741EC24FCC006A2BC9 /* Frameworks */,
				033027751EC24FCC006A2BC9 /* Resources */,
				9757063066EE17D5E5528506 /* [CP] Embed Pods Frameworks */,
				A8BCFDE5FD4FB65456732147 /* [CP] Copy Pods Resources */,
			);
			buildRules = (
			);
			dependencies = (
			);
			name = "Vortex Spa";
			productName = "Vortex Spa";
			productReference = 033027771EC24FCC006A2BC9 /* Vortex Spa.app */;
			productType = "com.apple.product-type.application";
		};
		0330278A1EC24FCC006A2BC9 /* Vortex SpaTests */ = {
			isa = PBXNativeTarget;
			buildConfigurationList = 033027A21EC24FCC006A2BC9 /* Build configuration list for PBXNativeTarget "Vortex SpaTests" */;
			buildPhases = (
				033027871EC24FCC006A2BC9 /* Sources */,
				033027881EC24FCC006A2BC9 /* Frameworks */,
				033027891EC24FCC006A2BC9 /* Resources */,
			);
			buildRules = (
			);
			dependencies = (
				0330278D1EC24FCC006A2BC9 /* PBXTargetDependency */,
			);
			name = "Vortex SpaTests";
			productName = "Vortex SpaTests";
			productReference = 0330278B1EC24FCC006A2BC9 /* Vortex SpaTests.xctest */;
			productType = "com.apple.product-type.bundle.unit-test";
		};
		033027951EC24FCC006A2BC9 /* Vortex SpaUITests */ = {
			isa = PBXNativeTarget;
			buildConfigurationList = 033027A51EC24FCC006A2BC9 /* Build configuration list for PBXNativeTarget "Vortex SpaUITests" */;
			buildPhases = (
				033027921EC24FCC006A2BC9 /* Sources */,
				033027931EC24FCC006A2BC9 /* Frameworks */,
				033027941EC24FCC006A2BC9 /* Resources */,
			);
			buildRules = (
			);
			dependencies = (
				033027981EC24FCC006A2BC9 /* PBXTargetDependency */,
			);
			name = "Vortex SpaUITests";
			productName = "Vortex SpaUITests";
			productReference = 033027961EC24FCC006A2BC9 /* Vortex SpaUITests.xctest */;
			productType = "com.apple.product-type.bundle.ui-testing";
		};
/* End PBXNativeTarget section */

/* Begin PBXProject section */
		0330276F1EC24FCB006A2BC9 /* Project object */ = {
			isa = PBXProject;
			attributes = {
				LastSwiftUpdateCheck = 0830;
				LastUpgradeCheck = 0830;
				ORGANIZATIONNAME = imperator;
				TargetAttributes = {
					033027761EC24FCC006A2BC9 = {
						CreatedOnToolsVersion = 8.3.2;
						DevelopmentTeam = 5JE8VH3ZZD;
						ProvisioningStyle = Automatic;
						SystemCapabilities = {
							com.apple.InAppPurchase = {
								enabled = 0;
							};
							com.apple.Push = {
								enabled = 0;
							};
							com.apple.Siri = {
								enabled = 0;
							};
						};
					};
					0330278A1EC24FCC006A2BC9 = {
						CreatedOnToolsVersion = 8.3.2;
						DevelopmentTeam = 5JE8VH3ZZD;
						ProvisioningStyle = Automatic;
						TestTargetID = 033027761EC24FCC006A2BC9;
					};
					033027951EC24FCC006A2BC9 = {
						CreatedOnToolsVersion = 8.3.2;
						DevelopmentTeam = 5JE8VH3ZZD;
						ProvisioningStyle = Automatic;
						TestTargetID = 033027761EC24FCC006A2BC9;
					};
				};
			};
			buildConfigurationList = 033027721EC24FCB006A2BC9 /* Build configuration list for PBXProject "Vortex Spa" */;
			compatibilityVersion = "Xcode 3.2";
			developmentRegion = English;
			hasScannedForEncodings = 0;
			knownRegions = (
				en,
				Base,
			);
			mainGroup = 0330276E1EC24FCB006A2BC9;
			productRefGroup = 033027781EC24FCC006A2BC9 /* Products */;
			projectDirPath = "";
			projectRoot = "";
			targets = (
				033027761EC24FCC006A2BC9 /* Vortex Spa */,
				0330278A1EC24FCC006A2BC9 /* Vortex SpaTests */,
				033027951EC24FCC006A2BC9 /* Vortex SpaUITests */,
			);
		};
/* End PBXProject section */

/* Begin PBXResourcesBuildPhase section */
		033027751EC24FCC006A2BC9 /* Resources */ = {
			isa = PBXResourcesBuildPhase;
			buildActionMask = 2147483647;
			files = (
				033027B61EC28630006A2BC9 /* Podfile in Resources */,
				033027A81EC257F2006A2BC9 /* Main.storyboard in Resources */,
				0394C1ED1EC2884000F2DBCD /* product_mink-eyelashes-drama-queen.jpg in Resources */,
				033027851EC24FCC006A2BC9 /* LaunchScreen.storyboard in Resources */,
				033027821EC24FCC006A2BC9 /* Assets.xcassets in Resources */,
			);
			runOnlyForDeploymentPostprocessing = 0;
		};
		033027891EC24FCC006A2BC9 /* Resources */ = {
			isa = PBXResourcesBuildPhase;
			buildActionMask = 2147483647;
			files = (
			);
			runOnlyForDeploymentPostprocessing = 0;
		};
		033027941EC24FCC006A2BC9 /* Resources */ = {
			isa = PBXResourcesBuildPhase;
			buildActionMask = 2147483647;
			files = (
			);
			runOnlyForDeploymentPostprocessing = 0;
		};
/* End PBXResourcesBuildPhase section */

/* Begin PBXShellScriptBuildPhase section */
		0F72EBDF5C236DD628E99D26 /* [CP] Check Pods Manifest.lock */ = {
			isa = PBXShellScriptBuildPhase;
			buildActionMask = 2147483647;
			files = (
			);
			inputPaths = (
			);
			name = "[CP] Check Pods Manifest.lock";
			outputPaths = (
			);
			runOnlyForDeploymentPostprocessing = 0;
			shellPath = /bin/sh;
			shellScript = "diff \"${PODS_ROOT}/../Podfile.lock\" \"${PODS_ROOT}/Manifest.lock\" > /dev/null\nif [ $? != 0 ] ; then\n    # print error to STDERR\n    echo \"error: The sandbox is not in sync with the Podfile.lock. Run 'pod install' or update your CocoaPods installation.\" >&2\n    exit 1\nfi\n";
			showEnvVarsInLog = 0;
		};
		9757063066EE17D5E5528506 /* [CP] Embed Pods Frameworks */ = {
			isa = PBXShellScriptBuildPhase;
			buildActionMask = 2147483647;
			files = (
			);
			inputPaths = (
			);
			name = "[CP] Embed Pods Frameworks";
			outputPaths = (
			);
			runOnlyForDeploymentPostprocessing = 0;
			shellPath = /bin/sh;
			shellScript = "\"${SRCROOT}/Pods/Target Support Files/Pods-Vortex Spa/Pods-Vortex Spa-frameworks.sh\"\n";
			showEnvVarsInLog = 0;
		};
		A8BCFDE5FD4FB65456732147 /* [CP] Copy Pods Resources */ = {
			isa = PBXShellScriptBuildPhase;
			buildActionMask = 2147483647;
			files = (
			);
			inputPaths = (
			);
			name = "[CP] Copy Pods Resources";
			outputPaths = (
			);
			runOnlyForDeploymentPostprocessing = 0;
			shellPath = /bin/sh;
			shellScript = "\"${SRCROOT}/Pods/Target Support Files/Pods-Vortex Spa/Pods-Vortex Spa-resources.sh\"\n";
			showEnvVarsInLog = 0;
		};
/* End PBXShellScriptBuildPhase section */

/* Begin PBXSourcesBuildPhase section */
		033027731EC24FCC006A2BC9 /* Sources */ = {
			isa = PBXSourcesBuildPhase;
			buildActionMask = 2147483647;
			files = (
				0330277D1EC24FCC006A2BC9 /* ViewController.swift in Sources */,
				0330277B1EC24FCC006A2BC9 /* AppDelegate.swift in Sources */,
			);
			runOnlyForDeploymentPostprocessing = 0;
		};
		033027871EC24FCC006A2BC9 /* Sources */ = {
			isa = PBXSourcesBuildPhase;
			buildActionMask = 2147483647;
			files = (
				033027901EC24FCC006A2BC9 /* Vortex_SpaTests.swift in Sources */,
			);
			runOnlyForDeploymentPostprocessing = 0;
		};
		033027921EC24FCC006A2BC9 /* Sources */ = {
			isa = PBXSourcesBuildPhase;
			buildActionMask = 2147483647;
			files = (
				0330279B1EC24FCC006A2BC9 /* Vortex_SpaUITests.swift in Sources */,
			);
			runOnlyForDeploymentPostprocessing = 0;
		};
/* End PBXSourcesBuildPhase section */

/* Begin PBXTargetDependency section */
		0330278D1EC24FCC006A2BC9 /* PBXTargetDependency */ = {
			isa = PBXTargetDependency;
			target = 033027761EC24FCC006A2BC9 /* Vortex Spa */;
			targetProxy = 0330278C1EC24FCC006A2BC9 /* PBXContainerItemProxy */;
		};
		033027981EC24FCC006A2BC9 /* PBXTargetDependency */ = {
			isa = PBXTargetDependency;
			target = 033027761EC24FCC006A2BC9 /* Vortex Spa */;
			targetProxy = 033027971EC24FCC006A2BC9 /* PBXContainerItemProxy */;
		};
/* End PBXTargetDependency section */

/* Begin PBXVariantGroup section */
		0330277E1EC24FCC006A2BC9 /* Main.storyboard */ = {
			isa = PBXVariantGroup;
			children = (
				0330277F1EC24FCC006A2BC9 /* Base */,
			);
			name = Main.storyboard;
			sourceTree = "<group>";
		};
		033027831EC24FCC006A2BC9 /* LaunchScreen.storyboard */ = {
			isa = PBXVariantGroup;
			children = (
				033027841EC24FCC006A2BC9 /* Base */,
			);
			name = LaunchScreen.storyboard;
			sourceTree = "<group>";
		};
/* End PBXVariantGroup section */

/* Begin XCBuildConfiguration section */
		0330279D1EC24FCC006A2BC9 /* Debug */ = {
			isa = XCBuildConfiguration;
			buildSettings = {
				ALWAYS_SEARCH_USER_PATHS = NO;
				CLANG_ANALYZER_NONNULL = YES;
				CLANG_ANALYZER_NUMBER_OBJECT_CONVERSION = YES_AGGRESSIVE;
				CLANG_CXX_LANGUAGE_STANDARD = "gnu++0x";
				CLANG_CXX_LIBRARY = "libc++";
				CLANG_ENABLE_MODULES = YES;
				CLANG_ENABLE_OBJC_ARC = YES;
				CLANG_WARN_BOOL_CONVERSION = YES;
				CLANG_WARN_CONSTANT_CONVERSION = YES;
				CLANG_WARN_DIRECT_OBJC_ISA_USAGE = YES_ERROR;
				CLANG_WARN_DOCUMENTATION_COMMENTS = YES;
				CLANG_WARN_EMPTY_BODY = YES;
				CLANG_WARN_ENUM_CONVERSION = YES;
				CLANG_WARN_INFINITE_RECURSION = YES;
				CLANG_WARN_INT_CONVERSION = YES;
				CLANG_WARN_OBJC_ROOT_CLASS = YES_ERROR;
				CLANG_WARN_SUSPICIOUS_MOVE = YES;
				CLANG_WARN_UNREACHABLE_CODE = YES;
				CLANG_WARN__DUPLICATE_METHOD_MATCH = YES;
				"CODE_SIGN_IDENTITY[sdk=iphoneos*]" = "iPhone Developer";
				COPY_PHASE_STRIP = NO;
				DEBUG_INFORMATION_FORMAT = dwarf;
				ENABLE_STRICT_OBJC_MSGSEND = YES;
				ENABLE_TESTABILITY = YES;
				GCC_C_LANGUAGE_STANDARD = gnu99;
				GCC_DYNAMIC_NO_PIC = NO;
				GCC_NO_COMMON_BLOCKS = YES;
				GCC_OPTIMIZATION_LEVEL = 0;
				GCC_PREPROCESSOR_DEFINITIONS = (
					"DEBUG=1",
					"$(inherited)",
				);
				GCC_WARN_64_TO_32_BIT_CONVERSION = YES;
				GCC_WARN_ABOUT_RETURN_TYPE = YES_ERROR;
				GCC_WARN_UNDECLARED_SELECTOR = YES;
				GCC_WARN_UNINITIALIZED_AUTOS = YES_AGGRESSIVE;
				GCC_WARN_UNUSED_FUNCTION = YES;
				GCC_WARN_UNUSED_VARIABLE = YES;
				IPHONEOS_DEPLOYMENT_TARGET = 10.3;
				MTL_ENABLE_DEBUG_INFO = YES;
				ONLY_ACTIVE_ARCH = YES;
				SDKROOT = iphoneos;
				SWIFT_ACTIVE_COMPILATION_CONDITIONS = DEBUG;
				SWIFT_OPTIMIZATION_LEVEL = "-Onone";
				TARGETED_DEVICE_FAMILY = "1,2";
			};
			name = Debug;
		};
		0330279E1EC24FCC006A2BC9 /* Release */ = {
			isa = XCBuildConfiguration;
			buildSettings = {
				ALWAYS_SEARCH_USER_PATHS = NO;
				CLANG_ANALYZER_NONNULL = YES;
				CLANG_ANALYZER_NUMBER_OBJECT_CONVERSION = YES_AGGRESSIVE;
				CLANG_CXX_LANGUAGE_STANDARD = "gnu++0x";
				CLANG_CXX_LIBRARY = "libc++";
				CLANG_ENABLE_MODULES = YES;
				CLANG_ENABLE_OBJC_ARC = YES;
				CLANG_WARN_BOOL_CONVERSION = YES;
				CLANG_WARN_CONSTANT_CONVERSION = YES;
				CLANG_WARN_DIRECT_OBJC_ISA_USAGE = YES_ERROR;
				CLANG_WARN_DOCUMENTATION_COMMENTS = YES;
				CLANG_WARN_EMPTY_BODY = YES;
				CLANG_WARN_ENUM_CONVERSION = YES;
				CLANG_WARN_INFINITE_RECURSION = YES;
				CLANG_WARN_INT_CONVERSION = YES;
				CLANG_WARN_OBJC_ROOT_CLASS = YES_ERROR;
				CLANG_WARN_SUSPICIOUS_MOVE = YES;
				CLANG_WARN_UNREACHABLE_CODE = YES;
				CLANG_WARN__DUPLICATE_METHOD_MATCH = YES;
				"CODE_SIGN_IDENTITY[sdk=iphoneos*]" = "iPhone Developer";
				COPY_PHASE_STRIP = NO;
				DEBUG_INFORMATION_FORMAT = "dwarf-with-dsym";
				ENABLE_NS_ASSERTIONS = NO;
				ENABLE_STRICT_OBJC_MSGSEND = YES;
				GCC_C_LANGUAGE_STANDARD = gnu99;
				GCC_NO_COMMON_BLOCKS = YES;
				GCC_WARN_64_TO_32_BIT_CONVERSION = YES;
				GCC_WARN_ABOUT_RETURN_TYPE = YES_ERROR;
				GCC_WARN_UNDECLARED_SELECTOR = YES;
				GCC_WARN_UNINITIALIZED_AUTOS = YES_AGGRESSIVE;
				GCC_WARN_UNUSED_FUNCTION = YES;
				GCC_WARN_UNUSED_VARIABLE = YES;
				IPHONEOS_DEPLOYMENT_TARGET = 10.3;
				MTL_ENABLE_DEBUG_INFO = NO;
				SDKROOT = iphoneos;
				SWIFT_OPTIMIZATION_LEVEL = "-Owholemodule";
				TARGETED_DEVICE_FAMILY = "1,2";
				VALIDATE_PRODUCT = YES;
			};
			name = Release;
		};
		033027A01EC24FCC006A2BC9 /* Debug */ = {
			isa = XCBuildConfiguration;
			baseConfigurationReference = B4EDDDA2F9AEC48BC6414179 /* Pods-Vortex Spa.debug.xcconfig */;
			buildSettings = {
				ASSETCATALOG_COMPILER_APPICON_NAME = AppIcon;
				DEVELOPMENT_TEAM = 5JE8VH3ZZD;
				INFOPLIST_FILE = "Vortex Spa/Info.plist";
				IPHONEOS_DEPLOYMENT_TARGET = 10.0;
				LD_RUNPATH_SEARCH_PATHS = "$(inherited) @executable_path/Frameworks";
				PRODUCT_BUNDLE_IDENTIFIER = "imperator.Vortex-Spa";
				PRODUCT_NAME = "$(TARGET_NAME)";
				SWIFT_VERSION = 3.0;
			};
			name = Debug;
		};
		033027A11EC24FCC006A2BC9 /* Release */ = {
			isa = XCBuildConfiguration;
			baseConfigurationReference = ACC7D98FC9837253774FDA23 /* Pods-Vortex Spa.release.xcconfig */;
			buildSettings = {
				ASSETCATALOG_COMPILER_APPICON_NAME = AppIcon;
				DEVELOPMENT_TEAM = 5JE8VH3ZZD;
				INFOPLIST_FILE = "Vortex Spa/Info.plist";
				IPHONEOS_DEPLOYMENT_TARGET = 10.0;
				LD_RUNPATH_SEARCH_PATHS = "$(inherited) @executable_path/Frameworks";
				PRODUCT_BUNDLE_IDENTIFIER = "imperator.Vortex-Spa";
				PRODUCT_NAME = "$(TARGET_NAME)";
				SWIFT_VERSION = 3.0;
			};
			name = Release;
		};
		033027A31EC24FCC006A2BC9 /* Debug */ = {
			isa = XCBuildConfiguration;
			buildSettings = {
				ALWAYS_EMBED_SWIFT_STANDARD_LIBRARIES = YES;
				BUNDLE_LOADER = "$(TEST_HOST)";
				DEVELOPMENT_TEAM = 5JE8VH3ZZD;
				INFOPLIST_FILE = "Vortex SpaTests/Info.plist";
				LD_RUNPATH_SEARCH_PATHS = "$(inherited) @executable_path/Frameworks @loader_path/Frameworks";
				PRODUCT_BUNDLE_IDENTIFIER = "imperator.Vortex-SpaTests";
				PRODUCT_NAME = "$(TARGET_NAME)";
				SWIFT_VERSION = 3.0;
				TEST_HOST = "$(BUILT_PRODUCTS_DIR)/Vortex Spa.app/Vortex Spa";
			};
			name = Debug;
		};
		033027A41EC24FCC006A2BC9 /* Release */ = {
			isa = XCBuildConfiguration;
			buildSettings = {
				ALWAYS_EMBED_SWIFT_STANDARD_LIBRARIES = YES;
				BUNDLE_LOADER = "$(TEST_HOST)";
				DEVELOPMENT_TEAM = 5JE8VH3ZZD;
				INFOPLIST_FILE = "Vortex SpaTests/Info.plist";
				LD_RUNPATH_SEARCH_PATHS = "$(inherited) @executable_path/Frameworks @loader_path/Frameworks";
				PRODUCT_BUNDLE_IDENTIFIER = "imperator.Vortex-SpaTests";
				PRODUCT_NAME = "$(TARGET_NAME)";
				SWIFT_VERSION = 3.0;
				TEST_HOST = "$(BUILT_PRODUCTS_DIR)/Vortex Spa.app/Vortex Spa";
			};
			name = Release;
		};
		033027A61EC24FCC006A2BC9 /* Debug */ = {
			isa = XCBuildConfiguration;
			buildSettings = {
				ALWAYS_EMBED_SWIFT_STANDARD_LIBRARIES = YES;
				DEVELOPMENT_TEAM = 5JE8VH3ZZD;
				INFOPLIST_FILE = "Vortex SpaUITests/Info.plist";
				LD_RUNPATH_SEARCH_PATHS = "$(inherited) @executable_path/Frameworks @loader_path/Frameworks";
				PRODUCT_BUNDLE_IDENTIFIER = "imperator.Vortex-SpaUITests";
				PRODUCT_NAME = "$(TARGET_NAME)";
				SWIFT_VERSION = 3.0;
				TEST_TARGET_NAME = "Vortex Spa";
			};
			name = Debug;
		};
		033027A71EC24FCC006A2BC9 /* Release */ = {
			isa = XCBuildConfiguration;
			buildSettings = {
				ALWAYS_EMBED_SWIFT_STANDARD_LIBRARIES = YES;
				DEVELOPMENT_TEAM = 5JE8VH3ZZD;
				INFOPLIST_FILE = "Vortex SpaUITests/Info.plist";
				LD_RUNPATH_SEARCH_PATHS = "$(inherited) @executable_path/Frameworks @loader_path/Frameworks";
				PRODUCT_BUNDLE_IDENTIFIER = "imperator.Vortex-SpaUITests";
				PRODUCT_NAME = "$(TARGET_NAME)";
				SWIFT_VERSION = 3.0;
				TEST_TARGET_NAME = "Vortex Spa";
			};
			name = Release;
		};
/* End XCBuildConfiguration section */

/* Begin XCConfigurationList section */
		033027721EC24FCB006A2BC9 /* Build configuration list for PBXProject "Vortex Spa" */ = {
			isa = XCConfigurationList;
			buildConfigurations = (
				0330279D1EC24FCC006A2BC9 /* Debug */,
				0330279E1EC24FCC006A2BC9 /* Release */,
			);
			defaultConfigurationIsVisible = 0;
			defaultConfigurationName = Release;
		};
		0330279F1EC24FCC006A2BC9 /* Build configuration list for PBXNativeTarget "Vortex Spa" */ = {
			isa = XCConfigurationList;
			buildConfigurations = (
				033027A01EC24FCC006A2BC9 /* Debug */,
				033027A11EC24FCC006A2BC9 /* Release */,
			);
			defaultConfigurationIsVisible = 0;
			defaultConfigurationName = Release;
		};
		033027A21EC24FCC006A2BC9 /* Build configuration list for PBXNativeTarget "Vortex SpaTests" */ = {
			isa = XCConfigurationList;
			buildConfigurations = (
				033027A31EC24FCC006A2BC9 /* Debug */,
				033027A41EC24FCC006A2BC9 /* Release */,
			);
			defaultConfigurationIsVisible = 0;
			defaultConfigurationName = Release;
		};
		033027A51EC24FCC006A2BC9 /* Build configuration list for PBXNativeTarget "Vortex SpaUITests" */ = {
			isa = XCConfigurationList;
			buildConfigurations = (
				033027A61EC24FCC006A2BC9 /* Debug */,
				033027A71EC24FCC006A2BC9 /* Release */,
			);
			defaultConfigurationIsVisible = 0;
			defaultConfigurationName = Release;
		};
/* End XCConfigurationList section */
	};
	rootObject = 0330276F1EC24FCB006A2BC9 /* Project object */;
}
